
Microsoft Visual Studio Solution File, Format Version 12.00
# Visual Studio Version 16
VisualStudioVersion = 16.0.30413.136
MinimumVisualStudioVersion = 10.0.40219.1
Project("{FAE04EC0-301F-11D3-BF4B-00C04F79EFBC}") = "Solution", "Solution\Solution.csproj", "{C52927B3-0A4B-4BB2-8DA3-B4073949F3A7}"
EndProject
Global
	GlobalSection(SolutionConfigurationPlatforms) = preSolution
		Debug|Any CPU = Debug|Any CPU
		Release|Any CPU = Release|Any CPU
	EndGlobalSection
	GlobalSection(ProjectConfigurationPlatforms) = postSolution
		{C52927B3-0A4B-4BB2-8DA3-B4073949F3A7}.Debug|Any CPU.ActiveCfg = Debug|Any CPU
		{C52927B3-0A4B-4BB2-8DA3-B4073949F3A7}.Debug|Any CPU.Build.0 = Debug|Any CPU
		{C52927B3-0A4B-4BB2-8DA3-B4073949F3A7}.Release|Any CPU.ActiveCfg = Release|Any CPU
		{C52927B3-0A4B-4BB2-8DA3-B4073949F3A7}.Release|Any CPU.Build.0 = Release|Any CPU
	EndGlobalSection
	GlobalSection(SolutionProperties) = preSolution
		HideSolutionNode = FALSE
	EndGlobalSection
	GlobalSection(ExtensibilityGlobals) = postSolution
		SolutionGuid = {ECC1C148-C855-49A5-B6F7-A38F51A76BDB}
	EndGlobalSection
EndGlobal
